
Microsoft Visual Studio Solution File, Format Version 12.00
# Visual Studio Version 16
VisualStudioVersion = 16.0.29411.108
MinimumVisualStudioVersion = 10.0.40219.1
Project("{8BC9CEB8-8B4A-11D0-8D11-00A0C91BC942}") = "test2", "test2\test2.vcxproj", "{819242DF-E071-42D6-8322-D0F3CB97429A}"
EndProject
Global
	GlobalSection(SolutionConfigurationPlatforms) = preSolution
		Debug|x64 = Debug|x64
		Debug|x86 = Debug|x86
		Release|x64 = Release|x64
		Release|x86 = Release|x86
	EndGlobalSection
	GlobalSection(ProjectConfigurationPlatforms) = postSolution
		{819242DF-E071-42D6-8322-D0F3CB97429A}.Debug|x64.ActiveCfg = Debug|x64
		{819242DF-E071-42D6-8322-D0F3CB97429A}.Debug|x64.Build.0 = Debug|x64
		{819242DF-E071-42D6-8322-D0F3CB97429A}.Debug|x86.ActiveCfg = Debug|Win32
		{819242DF-E071-42D6-8322-D0F3CB97429A}.Debug|x86.Build.0 = Debug|Win32
		{819242DF-E071-42D6-8322-D0F3CB97429A}.Release|x64.ActiveCfg = Release|x64
		{819242DF-E071-42D6-8322-D0F3CB97429A}.Release|x64.Build.0 = Release|x64
		{819242DF-E071-42D6-8322-D0F3CB97429A}.Release|x86.ActiveCfg = Release|Win32
		{819242DF-E071-42D6-8322-D0F3CB97429A}.Release|x86.Build.0 = Release|Win32
	EndGlobalSection
	GlobalSection(SolutionProperties) = preSolution
		HideSolutionNode = FALSE
	EndGlobalSection
	GlobalSection(ExtensibilityGlobals) = postSolution
		SolutionGuid = {94DE9E26-3DB0-4D9F-9472-53F9D6B6FC6D}
	EndGlobalSection
EndGlobal
